
Microsoft Visual Studio Solution File, Format Version 12.00
# Visual Studio Version 16
VisualStudioVersion = 16.0.32428.217
MinimumVisualStudioVersion = 10.0.40219.1
Project("{8BC9CEB8-8B4A-11D0-8D11-00A0C91BC942}") = "labaN2", "labaN2\labaN2.vcxproj", "{F85FB07C-3EEF-47C5-9052-960BA5F473D8}"
EndProject
Global
	GlobalSection(SolutionConfigurationPlatforms) = preSolution
		Debug|x64 = Debug|x64
		Debug|x86 = Debug|x86
		Release|x64 = Release|x64
		Release|x86 = Release|x86
	EndGlobalSection
	GlobalSection(ProjectConfigurationPlatforms) = postSolution
		{F85FB07C-3EEF-47C5-9052-960BA5F473D8}.Debug|x64.ActiveCfg = Debug|x64
		{F85FB07C-3EEF-47C5-9052-960BA5F473D8}.Debug|x64.Build.0 = Debug|x64
		{F85FB07C-3EEF-47C5-9052-960BA5F473D8}.Debug|x86.ActiveCfg = Debug|Win32
		{F85FB07C-3EEF-47C5-9052-960BA5F473D8}.Debug|x86.Build.0 = Debug|Win32
		{F85FB07C-3EEF-47C5-9052-960BA5F473D8}.Release|x64.ActiveCfg = Release|x64
		{F85FB07C-3EEF-47C5-9052-960BA5F473D8}.Release|x64.Build.0 = Release|x64
		{F85FB07C-3EEF-47C5-9052-960BA5F473D8}.Release|x86.ActiveCfg = Release|Win32
		{F85FB07C-3EEF-47C5-9052-960BA5F473D8}.Release|x86.Build.0 = Release|Win32
	EndGlobalSection
	GlobalSection(SolutionProperties) = preSolution
		HideSolutionNode = FALSE
	EndGlobalSection
	GlobalSection(ExtensibilityGlobals) = postSolution
		SolutionGuid = {A757B29C-C4A6-40EE-BB4E-6B3C4574A409}
	EndGlobalSection
EndGlobal
