
Microsoft Visual Studio Solution File, Format Version 12.00
# Visual Studio Version 16
VisualStudioVersion = 16.0.32428.217
MinimumVisualStudioVersion = 10.0.40219.1
Project("{8BC9CEB8-8B4A-11D0-8D11-00A0C91BC942}") = "labaN11", "labaN11\labaN11.vcxproj", "{CB86B1A6-E142-421C-B2EE-0B33B40F7A9D}"
EndProject
Global
	GlobalSection(SolutionConfigurationPlatforms) = preSolution
		Debug|x64 = Debug|x64
		Debug|x86 = Debug|x86
		Release|x64 = Release|x64
		Release|x86 = Release|x86
	EndGlobalSection
	GlobalSection(ProjectConfigurationPlatforms) = postSolution
		{CB86B1A6-E142-421C-B2EE-0B33B40F7A9D}.Debug|x64.ActiveCfg = Debug|x64
		{CB86B1A6-E142-421C-B2EE-0B33B40F7A9D}.Debug|x64.Build.0 = Debug|x64
		{CB86B1A6-E142-421C-B2EE-0B33B40F7A9D}.Debug|x86.ActiveCfg = Debug|Win32
		{CB86B1A6-E142-421C-B2EE-0B33B40F7A9D}.Debug|x86.Build.0 = Debug|Win32
		{CB86B1A6-E142-421C-B2EE-0B33B40F7A9D}.Release|x64.ActiveCfg = Release|x64
		{CB86B1A6-E142-421C-B2EE-0B33B40F7A9D}.Release|x64.Build.0 = Release|x64
		{CB86B1A6-E142-421C-B2EE-0B33B40F7A9D}.Release|x86.ActiveCfg = Release|Win32
		{CB86B1A6-E142-421C-B2EE-0B33B40F7A9D}.Release|x86.Build.0 = Release|Win32
	EndGlobalSection
	GlobalSection(SolutionProperties) = preSolution
		HideSolutionNode = FALSE
	EndGlobalSection
	GlobalSection(ExtensibilityGlobals) = postSolution
		SolutionGuid = {B3A55A5F-0B20-4541-BF2C-2CCA71AEAC90}
	EndGlobalSection
EndGlobal
